
Microsoft Visual Studio Solution File, Format Version 12.00
# Visual Studio 15
Project("{FAE04EC0-301F-11D3-BF4B-00C04F79EFBC}") = "Assembly-CSharp", "Assembly-CSharp.csproj", "{EA2D5234-A2B7-5D9F-7006-EEF17D52450A}"
EndProject
Global
	GlobalSection(SolutionConfigurationPlatforms) = preSolution
		Debug|Any CPU = Debug|Any CPU
		Release|Any CPU = Release|Any CPU
	EndGlobalSection
	GlobalSection(ProjectConfigurationPlatforms) = postSolution
		{EA2D5234-A2B7-5D9F-7006-EEF17D52450A}.Debug|Any CPU.ActiveCfg = Debug|Any CPU
		{EA2D5234-A2B7-5D9F-7006-EEF17D52450A}.Debug|Any CPU.Build.0 = Debug|Any CPU
		{EA2D5234-A2B7-5D9F-7006-EEF17D52450A}.Release|Any CPU.ActiveCfg = Release|Any CPU
		{EA2D5234-A2B7-5D9F-7006-EEF17D52450A}.Release|Any CPU.Build.0 = Release|Any CPU
	EndGlobalSection
	GlobalSection(SolutionProperties) = preSolution
		HideSolutionNode = FALSE
	EndGlobalSection
EndGlobal
